
Microsoft Visual Studio Solution File, Format Version 12.00
# Visual Studio Version 17
VisualStudioVersion = 17.13.35931.197 d17.13
MinimumVisualStudioVersion = 10.0.40219.1
Project("{FAE04EC0-301F-11D3-BF4B-00C04F79EFBC}") = "Test-Driven-Development-1", "Test-Driven-Development-1\Test-Driven-Development-1.csproj", "{D0D56BA0-6F5B-4A7D-9CA6-DF74DB619E1A}"
EndProject
Project("{FAE04EC0-301F-11D3-BF4B-00C04F79EFBC}") = "Calculator.Tests", "Calculator.Tests\Calculator.Tests.csproj", "{63306F67-52E2-4229-9735-A2D0C18DFBB9}"
EndProject
Global
	GlobalSection(SolutionConfigurationPlatforms) = preSolution
		Debug|Any CPU = Debug|Any CPU
		Release|Any CPU = Release|Any CPU
	EndGlobalSection
	GlobalSection(ProjectConfigurationPlatforms) = postSolution
		{D0D56BA0-6F5B-4A7D-9CA6-DF74DB619E1A}.Debug|Any CPU.ActiveCfg = Debug|Any CPU
		{D0D56BA0-6F5B-4A7D-9CA6-DF74DB619E1A}.Debug|Any CPU.Build.0 = Debug|Any CPU
		{D0D56BA0-6F5B-4A7D-9CA6-DF74DB619E1A}.Release|Any CPU.ActiveCfg = Release|Any CPU
		{D0D56BA0-6F5B-4A7D-9CA6-DF74DB619E1A}.Release|Any CPU.Build.0 = Release|Any CPU
		{63306F67-52E2-4229-9735-A2D0C18DFBB9}.Debug|Any CPU.ActiveCfg = Debug|Any CPU
		{63306F67-52E2-4229-9735-A2D0C18DFBB9}.Debug|Any CPU.Build.0 = Debug|Any CPU
		{63306F67-52E2-4229-9735-A2D0C18DFBB9}.Release|Any CPU.ActiveCfg = Release|Any CPU
		{63306F67-52E2-4229-9735-A2D0C18DFBB9}.Release|Any CPU.Build.0 = Release|Any CPU
	EndGlobalSection
	GlobalSection(SolutionProperties) = preSolution
		HideSolutionNode = FALSE
	EndGlobalSection
	GlobalSection(ExtensibilityGlobals) = postSolution
		SolutionGuid = {963DA984-ECD3-4C09-81B7-D6B66FDBFEE9}
	EndGlobalSection
EndGlobal
